
Microsoft Visual Studio Solution File, Format Version 12.00
# Visual Studio Version 16
VisualStudioVersion = 16.0.28531.58
MinimumVisualStudioVersion = 10.0.40219.1
Project("{FAE04EC0-301F-11D3-BF4B-00C04F79EFBC}") = "AbstractAssignment", "AbstractAssignment\AbstractAssignment.csproj", "{B8EB9F48-0482-4AFF-8ABA-DCBA94377878}"
EndProject
Global
	GlobalSection(SolutionConfigurationPlatforms) = preSolution
		Debug|Any CPU = Debug|Any CPU
		Release|Any CPU = Release|Any CPU
	EndGlobalSection
	GlobalSection(ProjectConfigurationPlatforms) = postSolution
		{B8EB9F48-0482-4AFF-8ABA-DCBA94377878}.Debug|Any CPU.ActiveCfg = Debug|Any CPU
		{B8EB9F48-0482-4AFF-8ABA-DCBA94377878}.Debug|Any CPU.Build.0 = Debug|Any CPU
		{B8EB9F48-0482-4AFF-8ABA-DCBA94377878}.Release|Any CPU.ActiveCfg = Release|Any CPU
		{B8EB9F48-0482-4AFF-8ABA-DCBA94377878}.Release|Any CPU.Build.0 = Release|Any CPU
	EndGlobalSection
	GlobalSection(SolutionProperties) = preSolution
		HideSolutionNode = FALSE
	EndGlobalSection
	GlobalSection(ExtensibilityGlobals) = postSolution
		SolutionGuid = {A48C10C5-5D1D-4ECA-A08D-35F3EA3525E9}
	EndGlobalSection
EndGlobal
